{
  "pins" : [
    {
      "identity" : "cocoalumberjack",
      "kind" : "remoteSourceControl",
      "location" : "https://github.com/CocoaLumberjack/CocoaLumberjack",
      "state" : {
        "revision" : "67ec5818a757aba4d7c534e21a905d878d128dbf",
        "version" : "3.8.1"
      }
    },
    {
      "identity" : "sdwebimage",
      "kind" : "remoteSourceControl",
      "location" : "https://github.com/SDWebImage/SDWebImage",
      "state" : {
        "revision" : "633996a807442ec28df9d33b0f88ce57a0e2fdbf",
        "version" : "5.17.0"
      }
    },
    {
      "identity" : "skeletonview",
      "kind" : "remoteSourceControl",
      "location" : "https://github.com/Juanpe/SkeletonView",
      "state" : {
        "revision" : "739a4f5d78731bebc48811c75fa9e1f4c4cef23e",
        "version" : "1.30.4"
      }
    },
    {
      "identity" : "swift-log",
      "kind" : "remoteSourceControl",
      "location" : "https://github.com/apple/swift-log.git",
      "state" : {
        "revision" : "532d8b529501fb73a2455b179e0bbb6d49b652ed",
        "version" : "1.5.3"
      }
    }
  ],
  "version" : 2
}
